{
  "version": 4,
  "terraform_version": "0.12.24",
  "serial": 3,
  "lineage": "e645ba24-8715-291a-deb2-79efcea795b8",
  "outputs": {
    "ikhsanrhmd35nolsatu": {
      "value": "https://ikhsanrhmd35nolsatu.name.herokuapp.com",
      "type": "string"
    }
  },
  "resources": [
    {
      "mode": "managed",
      "type": "heroku_app",
      "name": "ikhsanrhmd35nolsatu",
      "provider": "provider.heroku",
      "instances": [
        {
          "schema_version": 0,
          "attributes": {
            "acm": false,
            "all_config_vars": {},
            "buildpacks": [],
            "config_vars": {},
            "git_url": "https://git.heroku.com/ikhsanrhmd35nolsatu.git",
            "heroku_hostname": "ikhsanrhmd35nolsatu.herokuapp.com",
            "id": "ikhsanrhmd35nolsatu",
            "internal_routing": false,
            "name": "ikhsanrhmd35nolsatu",
            "organization": [],
            "region": "us",
            "sensitive_config_vars": {},
            "space": null,
            "stack": "heroku-18",
            "uuid": "28950886-9cd4-4393-ab9f-7fabca5a6995",
            "web_url": "https://ikhsanrhmd35nolsatu.herokuapp.com/"
          },
          "private": "bnVsbA=="
        }
      ]
    },
    {
      "mode": "managed",
      "type": "heroku_build",
      "name": "ikhsanrhmd35nolsatu",
      "provider": "provider.heroku",
      "instances": [
        {
          "schema_version": 0,
          "attributes": {
            "app": "ikhsanrhmd35nolsatu",
            "buildpacks": [
              "https://github.com/heroku/heroku-buildpack-php"
            ],
            "id": "a5a8e492-7d51-47ee-b631-9207a9329e01",
            "local_checksum": "",
            "output_stream_url": "https://build-output.heroku.com/streams/28/28950886-9cd4-4393-ab9f-7fabca5a6995/logs/a5/a5a8e492-7d51-47ee-b631-9207a9329e01.log?X-Amz-Algorithm=AWS4-HMAC-SHA256\u0026X-Amz-Credential=AKIAIQI6BAUWXGR4S77Q%2F20200501%2Fus-east-1%2Fs3%2Faws4_request\u0026X-Amz-Date=20200501T071140Z\u0026X-Amz-Expires=86400\u0026X-Amz-SignedHeaders=host\u0026X-Amz-Signature=22bd9d702e06712c63712d4182106ab4914c082a77f14a0f485ff70b865c93da",
            "release_id": "69cd30b3-7bc5-44ef-b8e7-c0cc4038ea50",
            "slug_id": "87a3b93a-0140-49c6-a2aa-e7e0bb4db417",
            "source": {
              "url": "https://github.com/ilosaurus/php-getting-started/archive/1.1.2.tar.gz",
              "version": "1.1.2"
            },
            "stack": "heroku-18",
            "status": "succeeded",
            "user": {
              "email": "ikhsanrahmd@gmail.com",
              "id": "d094c221-15a5-4b03-afb9-4356777e3742"
            },
            "uuid": "a5a8e492-7d51-47ee-b631-9207a9329e01"
          },
          "private": "bnVsbA==",
          "dependencies": [
            "heroku_app.ikhsanrhmd35nolsatu"
          ]
        }
      ]
    }
  ]
}
