{
  "version": 4,
  "terraform_version": "0.12.24",
  "serial": 49,
  "lineage": "4a6d1105-96e7-5d65-6c0f-0860c85fe1da",
  "outputs": {
    "instance-floating-ip": {
      "value": [
        "10.1.1.100",
        "10.1.1.110"
      ],
      "type": [
        "tuple",
        [
          "string",
          "string"
        ]
      ]
    },
    "instance-name": {
      "value": [
        "ikhsanrhmd-WEBSERVER-00",
        "ikhsanrhmd-WEBSERVER-01"
      ],
      "type": [
        "tuple",
        [
          "string",
          "string"
        ]
      ]
    }
  },
  "resources": [
    {
      "mode": "managed",
      "type": "openstack_compute_floatingip_associate_v2",
      "name": "floating_ip",
      "each": "list",
      "provider": "provider.openstack",
      "instances": [
        {
          "index_key": 0,
          "schema_version": 0,
          "attributes": {
            "fixed_ip": "",
            "floating_ip": "10.1.1.100",
            "id": "10.1.1.100/9b64f75c-0555-4d3d-8d02-e224b2ad16b3/",
            "instance_id": "9b64f75c-0555-4d3d-8d02-e224b2ad16b3",
            "region": "",
            "timeouts": null,
            "wait_until_associated": null
          },
          "private": "eyJlMmJmYjczMC1lY2FhLTExZTYtOGY4OC0zNDM2M2JjN2M0YzAiOnsiY3JlYXRlIjo2MDAwMDAwMDAwMDB9fQ==",
          "dependencies": [
            "openstack_compute_instance_v2.instance",
            "openstack_networking_floatingip_v2.floating_ip"
          ]
        },
        {
          "index_key": 1,
          "schema_version": 0,
          "attributes": {
            "fixed_ip": "",
            "floating_ip": "10.1.1.110",
            "id": "10.1.1.110/e1de3af0-9e9f-4588-88e5-578dedcf2cfc/",
            "instance_id": "e1de3af0-9e9f-4588-88e5-578dedcf2cfc",
            "region": "",
            "timeouts": null,
            "wait_until_associated": null
          },
          "private": "eyJlMmJmYjczMC1lY2FhLTExZTYtOGY4OC0zNDM2M2JjN2M0YzAiOnsiY3JlYXRlIjo2MDAwMDAwMDAwMDB9fQ==",
          "dependencies": [
            "openstack_compute_instance_v2.instance",
            "openstack_networking_floatingip_v2.floating_ip"
          ]
        }
      ]
    },
    {
      "mode": "managed",
      "type": "openstack_compute_instance_v2",
      "name": "instance",
      "each": "list",
      "provider": "provider.openstack",
      "instances": [
        {
          "index_key": 0,
          "schema_version": 0,
          "attributes": {
            "access_ip_v4": "10.35.35.4",
            "access_ip_v6": "",
            "admin_pass": null,
            "all_metadata": {},
            "all_tags": [],
            "availability_zone": "nova",
            "block_device": [],
            "config_drive": null,
            "flavor_id": "b5b1e617-b266-4143-8dd5-73ea7918f62c",
            "flavor_name": "ns.2-2-20",
            "floating_ip": null,
            "force_delete": false,
            "id": "9b64f75c-0555-4d3d-8d02-e224b2ad16b3",
            "image_id": "3ae8a53c-947c-4f48-a9a7-cef61ba98dea",
            "image_name": "ubuntu-18.04-server-cloudimg-amd64",
            "key_pair": "pubkey",
            "metadata": null,
            "name": "ikhsanrhmd-WEBSERVER-00",
            "network": [
              {
                "access_network": false,
                "fixed_ip_v4": "10.35.35.4",
                "fixed_ip_v6": "",
                "floating_ip": "",
                "mac": "fa:16:3e:60:76:59",
                "name": "ens3",
                "port": "",
                "uuid": "5e5f46f2-d820-4119-b53d-c732ccd7a3e4"
              }
            ],
            "personality": [],
            "power_state": "active",
            "region": "",
            "scheduler_hints": [],
            "security_groups": [
              "default"
            ],
            "stop_before_destroy": false,
            "tags": null,
            "timeouts": null,
            "user_data": null,
            "vendor_options": [],
            "volume": []
          },
          "private": "eyJlMmJmYjczMC1lY2FhLTExZTYtOGY4OC0zNDM2M2JjN2M0YzAiOnsiY3JlYXRlIjoxODAwMDAwMDAwMDAwLCJkZWxldGUiOjE4MDAwMDAwMDAwMDAsInVwZGF0ZSI6MTgwMDAwMDAwMDAwMH19"
        },
        {
          "index_key": 1,
          "schema_version": 0,
          "attributes": {
            "access_ip_v4": "10.35.35.9",
            "access_ip_v6": "",
            "admin_pass": null,
            "all_metadata": {},
            "all_tags": [],
            "availability_zone": "nova",
            "block_device": [],
            "config_drive": null,
            "flavor_id": "b5b1e617-b266-4143-8dd5-73ea7918f62c",
            "flavor_name": "ns.2-2-20",
            "floating_ip": null,
            "force_delete": false,
            "id": "e1de3af0-9e9f-4588-88e5-578dedcf2cfc",
            "image_id": "3ae8a53c-947c-4f48-a9a7-cef61ba98dea",
            "image_name": "ubuntu-18.04-server-cloudimg-amd64",
            "key_pair": "pubkey",
            "metadata": null,
            "name": "ikhsanrhmd-WEBSERVER-01",
            "network": [
              {
                "access_network": false,
                "fixed_ip_v4": "10.35.35.9",
                "fixed_ip_v6": "",
                "floating_ip": "",
                "mac": "fa:16:3e:bf:63:33",
                "name": "ens3",
                "port": "",
                "uuid": "5e5f46f2-d820-4119-b53d-c732ccd7a3e4"
              }
            ],
            "personality": [],
            "power_state": "active",
            "region": "",
            "scheduler_hints": [],
            "security_groups": [
              "default"
            ],
            "stop_before_destroy": false,
            "tags": null,
            "timeouts": null,
            "user_data": null,
            "vendor_options": [],
            "volume": []
          },
          "private": "eyJlMmJmYjczMC1lY2FhLTExZTYtOGY4OC0zNDM2M2JjN2M0YzAiOnsiY3JlYXRlIjoxODAwMDAwMDAwMDAwLCJkZWxldGUiOjE4MDAwMDAwMDAwMDAsInVwZGF0ZSI6MTgwMDAwMDAwMDAwMH19"
        }
      ]
    },
    {
      "mode": "managed",
      "type": "openstack_networking_floatingip_v2",
      "name": "floating_ip",
      "each": "list",
      "provider": "provider.openstack",
      "instances": [
        {
          "index_key": 0,
          "schema_version": 0,
          "attributes": {
            "address": "10.1.1.100",
            "all_tags": [],
            "description": "",
            "dns_domain": "",
            "dns_name": "",
            "fixed_ip": "",
            "id": "dde480af-2698-49bd-8207-7a9966d18d8d",
            "pool": "extnet",
            "port_id": "",
            "region": "",
            "subnet_id": null,
            "tags": null,
            "tenant_id": "e9be80a93fb844d48815318397464c8b",
            "timeouts": null,
            "value_specs": null
          },
          "private": "eyJlMmJmYjczMC1lY2FhLTExZTYtOGY4OC0zNDM2M2JjN2M0YzAiOnsiY3JlYXRlIjo2MDAwMDAwMDAwMDAsImRlbGV0ZSI6NjAwMDAwMDAwMDAwfX0="
        },
        {
          "index_key": 1,
          "schema_version": 0,
          "attributes": {
            "address": "10.1.1.110",
            "all_tags": [],
            "description": "",
            "dns_domain": "",
            "dns_name": "",
            "fixed_ip": "",
            "id": "41fe0a81-a715-4ed9-8321-2960a53983dc",
            "pool": "extnet",
            "port_id": "",
            "region": "",
            "subnet_id": null,
            "tags": null,
            "tenant_id": "e9be80a93fb844d48815318397464c8b",
            "timeouts": null,
            "value_specs": null
          },
          "private": "eyJlMmJmYjczMC1lY2FhLTExZTYtOGY4OC0zNDM2M2JjN2M0YzAiOnsiY3JlYXRlIjo2MDAwMDAwMDAwMDAsImRlbGV0ZSI6NjAwMDAwMDAwMDAwfX0="
        }
      ]
    }
  ]
}
