{
  "version": 4,
  "terraform_version": "0.12.24",
  "serial": 11,
  "lineage": "4455c55d-bff4-3780-a4ec-b7d1883b802b",
  "outputs": {},
  "resources": [
    {
      "mode": "managed",
      "type": "openstack_compute_floatingip_associate_v2",
      "name": "floating_ip",
      "provider": "provider.openstack",
      "instances": [
        {
          "schema_version": 0,
          "attributes": {
            "fixed_ip": "",
            "floating_ip": "10.1.1.42",
            "id": "10.1.1.42/1eb930e4-da5f-4aa0-8071-148f4de321da/",
            "instance_id": "1eb930e4-da5f-4aa0-8071-148f4de321da",
            "region": "",
            "timeouts": null,
            "wait_until_associated": null
          },
          "private": "eyJlMmJmYjczMC1lY2FhLTExZTYtOGY4OC0zNDM2M2JjN2M0YzAiOnsiY3JlYXRlIjo2MDAwMDAwMDAwMDB9fQ==",
          "dependencies": [
            "openstack_compute_instance_v2.instance",
            "openstack_networking_floatingip_v2.floating_ip"
          ]
        }
      ]
    },
    {
      "mode": "managed",
      "type": "openstack_compute_instance_v2",
      "name": "instance",
      "provider": "provider.openstack",
      "instances": [
        {
          "schema_version": 0,
          "attributes": {
            "access_ip_v4": "10.35.35.14",
            "access_ip_v6": "",
            "admin_pass": null,
            "all_metadata": {},
            "all_tags": [],
            "availability_zone": "nova",
            "block_device": [],
            "config_drive": null,
            "flavor_id": "b5b1e617-b266-4143-8dd5-73ea7918f62c",
            "flavor_name": "ns.2-2-20",
            "floating_ip": null,
            "force_delete": false,
            "id": "1eb930e4-da5f-4aa0-8071-148f4de321da",
            "image_id": "3ae8a53c-947c-4f48-a9a7-cef61ba98dea",
            "image_name": "ubuntu-18.04-server-cloudimg-amd64",
            "key_pair": "pubkey",
            "metadata": null,
            "name": "ikhsanrhmd-INSTANCE00",
            "network": [
              {
                "access_network": false,
                "fixed_ip_v4": "10.35.35.14",
                "fixed_ip_v6": "",
                "floating_ip": "",
                "mac": "fa:16:3e:f6:56:92",
                "name": "ens3",
                "port": "",
                "uuid": "5e5f46f2-d820-4119-b53d-c732ccd7a3e4"
              }
            ],
            "personality": [],
            "power_state": "active",
            "region": "",
            "scheduler_hints": [],
            "security_groups": [
              "default"
            ],
            "stop_before_destroy": false,
            "tags": [],
            "timeouts": null,
            "user_data": null,
            "vendor_options": [],
            "volume": []
          },
          "private": "eyJlMmJmYjczMC1lY2FhLTExZTYtOGY4OC0zNDM2M2JjN2M0YzAiOnsiY3JlYXRlIjoxODAwMDAwMDAwMDAwLCJkZWxldGUiOjE4MDAwMDAwMDAwMDAsInVwZGF0ZSI6MTgwMDAwMDAwMDAwMH19"
        }
      ]
    },
    {
      "mode": "managed",
      "type": "openstack_networking_floatingip_v2",
      "name": "floating_ip",
      "provider": "provider.openstack",
      "instances": [
        {
          "schema_version": 0,
          "attributes": {
            "address": "10.1.1.42",
            "all_tags": [],
            "description": "",
            "dns_domain": "",
            "dns_name": "",
            "fixed_ip": "",
            "id": "d469c0e5-2358-4b63-ace5-a1cfab64e3c0",
            "pool": "extnet",
            "port_id": "",
            "region": "",
            "subnet_id": null,
            "tags": null,
            "tenant_id": "e9be80a93fb844d48815318397464c8b",
            "timeouts": null,
            "value_specs": null
          },
          "private": "eyJlMmJmYjczMC1lY2FhLTExZTYtOGY4OC0zNDM2M2JjN2M0YzAiOnsiY3JlYXRlIjo2MDAwMDAwMDAwMDAsImRlbGV0ZSI6NjAwMDAwMDAwMDAwfX0="
        }
      ]
    }
  ]
}
