{
  "version": 4,
  "terraform_version": "0.12.24",
  "serial": 14,
  "lineage": "b8101d96-979c-b389-d056-7dd649cad296",
  "outputs": {
    "docker_container_name": {
      "value": [
        "ikhsanrhmd-wordpress"
      ],
      "type": [
        "tuple",
        [
          "string"
        ]
      ]
    }
  },
  "resources": [
    {
      "module": "module.wordpress",
      "mode": "managed",
      "type": "docker_image",
      "name": "wordpress",
      "provider": "provider.docker",
      "instances": [
        {
          "schema_version": 0,
          "attributes": {
            "id": "sha256:c3fa1c8546fb9c6c2418464daaa10fb4fcc373e00d01f56727545aa7069dd341wordpress",
            "keep_locally": null,
            "latest": "sha256:c3fa1c8546fb9c6c2418464daaa10fb4fcc373e00d01f56727545aa7069dd341",
            "name": "wordpress",
            "pull_trigger": null,
            "pull_triggers": null
          }
        }
      ]
    }
  ]
}
