{
  "version": 4,
  "terraform_version": "0.12.24",
  "serial": 16,
  "lineage": "1ca9f5d8-0ca8-3054-6462-6f352b294d02",
  "outputs": {},
  "resources": [
    {
      "mode": "managed",
      "type": "openstack_compute_floatingip_associate_v2",
      "name": "floating_ip",
      "each": "list",
      "provider": "provider.openstack",
      "instances": [
        {
          "index_key": 0,
          "schema_version": 0,
          "attributes": {
            "fixed_ip": "",
            "floating_ip": "10.1.1.110",
            "id": "10.1.1.110/5e34b6d3-8512-473e-be5d-4e459abf71df/",
            "instance_id": "5e34b6d3-8512-473e-be5d-4e459abf71df",
            "region": "",
            "timeouts": null,
            "wait_until_associated": null
          },
          "private": "eyJlMmJmYjczMC1lY2FhLTExZTYtOGY4OC0zNDM2M2JjN2M0YzAiOnsiY3JlYXRlIjo2MDAwMDAwMDAwMDB9fQ==",
          "dependencies": [
            "openstack_compute_instance_v2.instance",
            "openstack_networking_floatingip_v2.floating_ip"
          ]
        },
        {
          "index_key": 1,
          "schema_version": 0,
          "attributes": {
            "fixed_ip": "",
            "floating_ip": "10.1.1.104",
            "id": "10.1.1.104/2fea0ac7-1799-4219-bd0d-fb275c55f020/",
            "instance_id": "2fea0ac7-1799-4219-bd0d-fb275c55f020",
            "region": "",
            "timeouts": null,
            "wait_until_associated": null
          },
          "private": "eyJlMmJmYjczMC1lY2FhLTExZTYtOGY4OC0zNDM2M2JjN2M0YzAiOnsiY3JlYXRlIjo2MDAwMDAwMDAwMDB9fQ==",
          "dependencies": [
            "openstack_compute_instance_v2.instance",
            "openstack_networking_floatingip_v2.floating_ip"
          ]
        }
      ]
    },
    {
      "mode": "managed",
      "type": "openstack_compute_instance_v2",
      "name": "instance",
      "each": "list",
      "provider": "provider.openstack",
      "instances": [
        {
          "index_key": 0,
          "schema_version": 0,
          "attributes": {
            "access_ip_v4": "10.35.35.5",
            "access_ip_v6": "",
            "admin_pass": null,
            "all_metadata": {},
            "all_tags": [],
            "availability_zone": "nova",
            "block_device": [],
            "config_drive": null,
            "flavor_id": "b5b1e617-b266-4143-8dd5-73ea7918f62c",
            "flavor_name": "ns.2-2-20",
            "floating_ip": null,
            "force_delete": false,
            "id": "5e34b6d3-8512-473e-be5d-4e459abf71df",
            "image_id": "3ae8a53c-947c-4f48-a9a7-cef61ba98dea",
            "image_name": "ubuntu-18.04-server-cloudimg-amd64",
            "key_pair": "pubkey",
            "metadata": null,
            "name": "ikhsanrhmd-INSTANCE--0",
            "network": [
              {
                "access_network": false,
                "fixed_ip_v4": "10.35.35.5",
                "fixed_ip_v6": "",
                "floating_ip": "",
                "mac": "fa:16:3e:3f:cb:15",
                "name": "ens3",
                "port": "",
                "uuid": "5e5f46f2-d820-4119-b53d-c732ccd7a3e4"
              }
            ],
            "personality": [],
            "power_state": "active",
            "region": "",
            "scheduler_hints": [],
            "security_groups": [
              "default"
            ],
            "stop_before_destroy": false,
            "tags": null,
            "timeouts": null,
            "user_data": null,
            "vendor_options": [],
            "volume": []
          },
          "private": "eyJlMmJmYjczMC1lY2FhLTExZTYtOGY4OC0zNDM2M2JjN2M0YzAiOnsiY3JlYXRlIjoxODAwMDAwMDAwMDAwLCJkZWxldGUiOjE4MDAwMDAwMDAwMDAsInVwZGF0ZSI6MTgwMDAwMDAwMDAwMH19"
        },
        {
          "index_key": 1,
          "schema_version": 0,
          "attributes": {
            "access_ip_v4": "10.35.35.11",
            "access_ip_v6": "",
            "admin_pass": null,
            "all_metadata": {},
            "all_tags": [],
            "availability_zone": "nova",
            "block_device": [],
            "config_drive": null,
            "flavor_id": "b5b1e617-b266-4143-8dd5-73ea7918f62c",
            "flavor_name": "ns.2-2-20",
            "floating_ip": null,
            "force_delete": false,
            "id": "2fea0ac7-1799-4219-bd0d-fb275c55f020",
            "image_id": "3ae8a53c-947c-4f48-a9a7-cef61ba98dea",
            "image_name": "ubuntu-18.04-server-cloudimg-amd64",
            "key_pair": "pubkey",
            "metadata": null,
            "name": "ikhsanrhmd-INSTANCE--1",
            "network": [
              {
                "access_network": false,
                "fixed_ip_v4": "10.35.35.11",
                "fixed_ip_v6": "",
                "floating_ip": "",
                "mac": "fa:16:3e:44:29:b9",
                "name": "ens3",
                "port": "",
                "uuid": "5e5f46f2-d820-4119-b53d-c732ccd7a3e4"
              }
            ],
            "personality": [],
            "power_state": "active",
            "region": "",
            "scheduler_hints": [],
            "security_groups": [
              "default"
            ],
            "stop_before_destroy": false,
            "tags": null,
            "timeouts": null,
            "user_data": null,
            "vendor_options": [],
            "volume": []
          },
          "private": "eyJlMmJmYjczMC1lY2FhLTExZTYtOGY4OC0zNDM2M2JjN2M0YzAiOnsiY3JlYXRlIjoxODAwMDAwMDAwMDAwLCJkZWxldGUiOjE4MDAwMDAwMDAwMDAsInVwZGF0ZSI6MTgwMDAwMDAwMDAwMH19"
        }
      ]
    },
    {
      "mode": "managed",
      "type": "openstack_networking_floatingip_v2",
      "name": "floating_ip",
      "each": "list",
      "provider": "provider.openstack",
      "instances": [
        {
          "index_key": 0,
          "schema_version": 0,
          "attributes": {
            "address": "10.1.1.110",
            "all_tags": [],
            "description": "",
            "dns_domain": "",
            "dns_name": "",
            "fixed_ip": "",
            "id": "1d10c3cb-bb48-4c43-875c-5bc792292d79",
            "pool": "extnet",
            "port_id": "",
            "region": "",
            "subnet_id": null,
            "tags": null,
            "tenant_id": "e9be80a93fb844d48815318397464c8b",
            "timeouts": null,
            "value_specs": null
          },
          "private": "eyJlMmJmYjczMC1lY2FhLTExZTYtOGY4OC0zNDM2M2JjN2M0YzAiOnsiY3JlYXRlIjo2MDAwMDAwMDAwMDAsImRlbGV0ZSI6NjAwMDAwMDAwMDAwfX0="
        },
        {
          "index_key": 1,
          "schema_version": 0,
          "attributes": {
            "address": "10.1.1.104",
            "all_tags": [],
            "description": "",
            "dns_domain": "",
            "dns_name": "",
            "fixed_ip": "",
            "id": "d180c26a-d402-4d82-ad6e-2ad4c4dbb3c2",
            "pool": "extnet",
            "port_id": "",
            "region": "",
            "subnet_id": null,
            "tags": null,
            "tenant_id": "e9be80a93fb844d48815318397464c8b",
            "timeouts": null,
            "value_specs": null
          },
          "private": "eyJlMmJmYjczMC1lY2FhLTExZTYtOGY4OC0zNDM2M2JjN2M0YzAiOnsiY3JlYXRlIjo2MDAwMDAwMDAwMDAsImRlbGV0ZSI6NjAwMDAwMDAwMDAwfX0="
        }
      ]
    }
  ]
}
